
Microsoft Visual Studio Solution File, Format Version 12.00
# Visual Studio Version 17
VisualStudioVersion = 17.13.35825.156 d17.13
MinimumVisualStudioVersion = 10.0.40219.1
Project("{FAE04EC0-301F-11D3-BF4B-00C04F79EFBC}") = "Gym Api", "Gym Api\Gym Api.csproj", "{C933648D-C027-4C6B-BC39-04590C5CA1BD}"
EndProject
Global
	GlobalSection(SolutionConfigurationPlatforms) = preSolution
		Debug|Any CPU = Debug|Any CPU
		Release|Any CPU = Release|Any CPU
	EndGlobalSection
	GlobalSection(ProjectConfigurationPlatforms) = postSolution
		{C933648D-C027-4C6B-BC39-04590C5CA1BD}.Debug|Any CPU.ActiveCfg = Debug|Any CPU
		{C933648D-C027-4C6B-BC39-04590C5CA1BD}.Debug|Any CPU.Build.0 = Debug|Any CPU
		{C933648D-C027-4C6B-BC39-04590C5CA1BD}.Release|Any CPU.ActiveCfg = Release|Any CPU
		{C933648D-C027-4C6B-BC39-04590C5CA1BD}.Release|Any CPU.Build.0 = Release|Any CPU
	EndGlobalSection
	GlobalSection(SolutionProperties) = preSolution
		HideSolutionNode = FALSE
	EndGlobalSection
	GlobalSection(ExtensibilityGlobals) = postSolution
		SolutionGuid = {EC1BF7E2-7288-4059-97A5-458FB89C8C42}
	EndGlobalSection
EndGlobal
